
Microsoft Visual Studio Solution File, Format Version 12.00
# Visual Studio Version 17
VisualStudioVersion = 17.6.33815.320
MinimumVisualStudioVersion = 10.0.40219.1
Project("{9A19103F-16F7-4668-BE54-9A1E7A4F7556}") = "Resturant.Infrastructure", "Infrastructure\Resturant.Infrastructure.csproj", "{DA52CAF4-2581-4338-95AB-B2609D4E6C0E}"
EndProject
Project("{9A19103F-16F7-4668-BE54-9A1E7A4F7556}") = "Resturant.Application", "Application\Resturant.Application.csproj", "{10C865CE-9ED3-4A85-8DC2-92EF14B03614}"
EndProject
Project("{9A19103F-16F7-4668-BE54-9A1E7A4F7556}") = "Resturant.Domain", "Domain\Resturant.Domain.csproj", "{AB089CAC-27BB-40F6-A056-210D088B112D}"
EndProject
Project("{9A19103F-16F7-4668-BE54-9A1E7A4F7556}") = "API", "API\API.csproj", "{C0FCCCCD-5966-406D-A2E3-BB36243EDE21}"
EndProject
Project("{FAE04EC0-301F-11D3-BF4B-00C04F79EFBC}") = "OrderControllerTest", "OrderControllerTest\OrderControllerTest.csproj", "{36E0C810-458E-4338-9CD7-A5C60D7D781F}"
EndProject
Global
	GlobalSection(SolutionConfigurationPlatforms) = preSolution
		Debug|Any CPU = Debug|Any CPU
		Release|Any CPU = Release|Any CPU
	EndGlobalSection
	GlobalSection(ProjectConfigurationPlatforms) = postSolution
		{DA52CAF4-2581-4338-95AB-B2609D4E6C0E}.Debug|Any CPU.ActiveCfg = Debug|Any CPU
		{DA52CAF4-2581-4338-95AB-B2609D4E6C0E}.Debug|Any CPU.Build.0 = Debug|Any CPU
		{DA52CAF4-2581-4338-95AB-B2609D4E6C0E}.Release|Any CPU.ActiveCfg = Release|Any CPU
		{DA52CAF4-2581-4338-95AB-B2609D4E6C0E}.Release|Any CPU.Build.0 = Release|Any CPU
		{10C865CE-9ED3-4A85-8DC2-92EF14B03614}.Debug|Any CPU.ActiveCfg = Debug|Any CPU
		{10C865CE-9ED3-4A85-8DC2-92EF14B03614}.Debug|Any CPU.Build.0 = Debug|Any CPU
		{10C865CE-9ED3-4A85-8DC2-92EF14B03614}.Release|Any CPU.ActiveCfg = Release|Any CPU
		{10C865CE-9ED3-4A85-8DC2-92EF14B03614}.Release|Any CPU.Build.0 = Release|Any CPU
		{AB089CAC-27BB-40F6-A056-210D088B112D}.Debug|Any CPU.ActiveCfg = Debug|Any CPU
		{AB089CAC-27BB-40F6-A056-210D088B112D}.Debug|Any CPU.Build.0 = Debug|Any CPU
		{AB089CAC-27BB-40F6-A056-210D088B112D}.Release|Any CPU.ActiveCfg = Release|Any CPU
		{AB089CAC-27BB-40F6-A056-210D088B112D}.Release|Any CPU.Build.0 = Release|Any CPU
		{C0FCCCCD-5966-406D-A2E3-BB36243EDE21}.Debug|Any CPU.ActiveCfg = Debug|Any CPU
		{C0FCCCCD-5966-406D-A2E3-BB36243EDE21}.Debug|Any CPU.Build.0 = Debug|Any CPU
		{C0FCCCCD-5966-406D-A2E3-BB36243EDE21}.Release|Any CPU.ActiveCfg = Release|Any CPU
		{C0FCCCCD-5966-406D-A2E3-BB36243EDE21}.Release|Any CPU.Build.0 = Release|Any CPU
		{36E0C810-458E-4338-9CD7-A5C60D7D781F}.Debug|Any CPU.ActiveCfg = Debug|Any CPU
		{36E0C810-458E-4338-9CD7-A5C60D7D781F}.Debug|Any CPU.Build.0 = Debug|Any CPU
		{36E0C810-458E-4338-9CD7-A5C60D7D781F}.Release|Any CPU.ActiveCfg = Release|Any CPU
		{36E0C810-458E-4338-9CD7-A5C60D7D781F}.Release|Any CPU.Build.0 = Release|Any CPU
	EndGlobalSection
	GlobalSection(SolutionProperties) = preSolution
		HideSolutionNode = FALSE
	EndGlobalSection
	GlobalSection(ExtensibilityGlobals) = postSolution
		SolutionGuid = {490DD70B-B01D-48F5-83AB-835F6695107F}
	EndGlobalSection
EndGlobal
